// !$*UTF8*$!
{
	archiveVersion = 1;
	classes = {
	};
	objectVersion = 50;
	objects = {

/* Begin PBXBuildFile section */
		49E27EB6214D34DA0045622E /* AppDelegate.swift in Sources */ = {isa = PBXBuildFile; fileRef = 49E27EB5214D34DA0045622E /* AppDelegate.swift */; };
		49E27EB8214D34DA0045622E /* ViewController.swift in Sources */ = {isa = PBXBuildFile; fileRef = 49E27EB7214D34DA0045622E /* ViewController.swift */; };
		49E27EBA214D34DB0045622E /* Assets.xcassets in Resources */ = {isa = PBXBuildFile; fileRef = 49E27EB9214D34DB0045622E /* Assets.xcassets */; };
		49E27EBD214D34DB0045622E /* Main.storyboard in Resources */ = {isa = PBXBuildFile; fileRef = 49E27EBB214D34DB0045622E /* Main.storyboard */; };
		49E27EC9214D34DC0045622E /* wordsTests.swift in Sources */ = {isa = PBXBuildFile; fileRef = 49E27EC8214D34DC0045622E /* wordsTests.swift */; };
		49E27EDD214D35C20045622E /* Nass.swift in Sources */ = {isa = PBXBuildFile; fileRef = 49E27EDC214D35C20045622E /* Nass.swift */; };
		49E27EDF214D4FCE0045622E /* StemConst.swift in Sources */ = {isa = PBXBuildFile; fileRef = 49E27EDE214D4FCE0045622E /* StemConst.swift */; };
		49E27EE1214D55C40045622E /* Kalima.swift in Sources */ = {isa = PBXBuildFile; fileRef = 49E27EE0214D55C40045622E /* Kalima.swift */; };
		49E27F2B214E5C190045622E /* Connection.swift in Sources */ = {isa = PBXBuildFile; fileRef = 49E27F0C214E5C190045622E /* Connection.swift */; };
		49E27F2C214E5C190045622E /* Blob.swift in Sources */ = {isa = PBXBuildFile; fileRef = 49E27F0D214E5C190045622E /* Blob.swift */; };
		49E27F2D214E5C190045622E /* Errors.swift in Sources */ = {isa = PBXBuildFile; fileRef = 49E27F0E214E5C190045622E /* Errors.swift */; };
		49E27F2E214E5C190045622E /* Statement.swift in Sources */ = {isa = PBXBuildFile; fileRef = 49E27F0F214E5C190045622E /* Statement.swift */; };
		49E27F2F214E5C190045622E /* Value.swift in Sources */ = {isa = PBXBuildFile; fileRef = 49E27F10214E5C190045622E /* Value.swift */; };
		49E27F30214E5C190045622E /* Helpers.swift in Sources */ = {isa = PBXBuildFile; fileRef = 49E27F11214E5C190045622E /* Helpers.swift */; };
		49E27F31214E5C190045622E /* Cipher.swift in Sources */ = {isa = PBXBuildFile; fileRef = 49E27F13214E5C190045622E /* Cipher.swift */; };
		49E27F32214E5C190045622E /* RTree.swift in Sources */ = {isa = PBXBuildFile; fileRef = 49E27F14214E5C190045622E /* RTree.swift */; };
		49E27F33214E5C190045622E /* FTS4.swift in Sources */ = {isa = PBXBuildFile; fileRef = 49E27F15214E5C190045622E /* FTS4.swift */; };
		49E27F34214E5C190045622E /* FTS5.swift in Sources */ = {isa = PBXBuildFile; fileRef = 49E27F16214E5C190045622E /* FTS5.swift */; };
		49E27F35214E5C190045622E /* Foundation.swift in Sources */ = {isa = PBXBuildFile; fileRef = 49E27F17214E5C190045622E /* Foundation.swift */; };
		49E27F36214E5C190045622E /* Query.swift in Sources */ = {isa = PBXBuildFile; fileRef = 49E27F1A214E5C190045622E /* Query.swift */; };
		49E27F37214E5C190045622E /* Coding.swift in Sources */ = {isa = PBXBuildFile; fileRef = 49E27F1B214E5C190045622E /* Coding.swift */; };
		49E27F38214E5C190045622E /* Expression.swift in Sources */ = {isa = PBXBuildFile; fileRef = 49E27F1C214E5C190045622E /* Expression.swift */; };
		49E27F39214E5C190045622E /* CoreFunctions.swift in Sources */ = {isa = PBXBuildFile; fileRef = 49E27F1D214E5C190045622E /* CoreFunctions.swift */; };
		49E27F3A214E5C190045622E /* Collation.swift in Sources */ = {isa = PBXBuildFile; fileRef = 49E27F1E214E5C190045622E /* Collation.swift */; };
		49E27F3B214E5C190045622E /* CustomFunctions.swift in Sources */ = {isa = PBXBuildFile; fileRef = 49E27F1F214E5C190045622E /* CustomFunctions.swift */; };
		49E27F3C214E5C190045622E /* DateAndTimeFunctions.swift in Sources */ = {isa = PBXBuildFile; fileRef = 49E27F20214E5C190045622E /* DateAndTimeFunctions.swift */; };
		49E27F3D214E5C190045622E /* Setter.swift in Sources */ = {isa = PBXBuildFile; fileRef = 49E27F21214E5C190045622E /* Setter.swift */; };
		49E27F3E214E5C190045622E /* Operators.swift in Sources */ = {isa = PBXBuildFile; fileRef = 49E27F22214E5C190045622E /* Operators.swift */; };
		49E27F3F214E5C190045622E /* Schema.swift in Sources */ = {isa = PBXBuildFile; fileRef = 49E27F23214E5C190045622E /* Schema.swift */; };
		49E27F40214E5C190045622E /* AggregateFunctions.swift in Sources */ = {isa = PBXBuildFile; fileRef = 49E27F24214E5C190045622E /* AggregateFunctions.swift */; };
		49E27F41214E5C190045622E /* Info.plist in Resources */ = {isa = PBXBuildFile; fileRef = 49E27F25214E5C190045622E /* Info.plist */; };
		49E27F42214E5C190045622E /* SQLite-Bridging.m in Sources */ = {isa = PBXBuildFile; fileRef = 49E27F29214E5C190045622E /* SQLite-Bridging.m */; };
		49E27F65214E5CD60045622E /* MNFile.swift in Sources */ = {isa = PBXBuildFile; fileRef = 49E27F44214E5CD50045622E /* MNFile.swift */; };
		49E27F66214E5CD60045622E /* MNRecord.swift in Sources */ = {isa = PBXBuildFile; fileRef = 49E27F45214E5CD50045622E /* MNRecord.swift */; };
		49E27F67214E5CD60045622E /* DatabaseObjects.swift in Sources */ = {isa = PBXBuildFile; fileRef = 49E27F46214E5CD50045622E /* DatabaseObjects.swift */; };
		49E27F68214E5CD60045622E /* DBMNRecord.swift in Sources */ = {isa = PBXBuildFile; fileRef = 49E27F48214E5CD60045622E /* DBMNRecord.swift */; };
		49E27F69214E5CD60045622E /* MNRecordSet.swift in Sources */ = {isa = PBXBuildFile; fileRef = 49E27F49214E5CD60045622E /* MNRecordSet.swift */; };
		49E27F6A214E5CD60045622E /* MNDatabase.swift in Sources */ = {isa = PBXBuildFile; fileRef = 49E27F4B214E5CD60045622E /* MNDatabase.swift */; };
		49E27F81214E5CD60045622E /* Extentions.swift in Sources */ = {isa = PBXBuildFile; fileRef = 49E27F64214E5CD60045622E /* Extentions.swift */; };
		49E27F9A214E5D800045622E /* Storage.swift in Sources */ = {isa = PBXBuildFile; fileRef = 49E27F83214E5D7F0045622E /* Storage.swift */; };
		49E27F9B214E5D800045622E /* Array+Extensions.swift in Sources */ = {isa = PBXBuildFile; fileRef = 49E27F84214E5D7F0045622E /* Array+Extensions.swift */; };
		49E27F9C214E5D800045622E /* Metadata.swift in Sources */ = {isa = PBXBuildFile; fileRef = 49E27F85214E5D7F0045622E /* Metadata.swift */; };
		49E27F9D214E5D800045622E /* Construct.swift in Sources */ = {isa = PBXBuildFile; fileRef = 49E27F86214E5D7F0045622E /* Construct.swift */; };
		49E27F9E214E5D800045622E /* Properties.swift in Sources */ = {isa = PBXBuildFile; fileRef = 49E27F87214E5D7F0045622E /* Properties.swift */; };
		49E27F9F214E5D800045622E /* NominalType.swift in Sources */ = {isa = PBXBuildFile; fileRef = 49E27F88214E5D7F0045622E /* NominalType.swift */; };
		49E27FA0214E5D800045622E /* Identity.swift in Sources */ = {isa = PBXBuildFile; fileRef = 49E27F89214E5D7F0045622E /* Identity.swift */; };
		49E27FA1214E5D800045622E /* PointerType.swift in Sources */ = {isa = PBXBuildFile; fileRef = 49E27F8A214E5D7F0045622E /* PointerType.swift */; };
		49E27FA2214E5D800045622E /* MetadataType.swift in Sources */ = {isa = PBXBuildFile; fileRef = 49E27F8B214E5D7F0045622E /* MetadataType.swift */; };
		49E27FA3214E5D800045622E /* MemoryProperties.swift in Sources */ = {isa = PBXBuildFile; fileRef = 49E27F8C214E5D7F0045622E /* MemoryProperties.swift */; };
		49E27FA4214E5D800045622E /* RelativePointer.swift in Sources */ = {isa = PBXBuildFile; fileRef = 49E27F8D214E5D7F0045622E /* RelativePointer.swift */; };
		49E27FA5214E5D800045622E /* NominalTypeDescriptor.swift in Sources */ = {isa = PBXBuildFile; fileRef = 49E27F8E214E5D7F0045622E /* NominalTypeDescriptor.swift */; };
		49E27FA6214E5D800045622E /* Metadata+Kind.swift in Sources */ = {isa = PBXBuildFile; fileRef = 49E27F8F214E5D7F0045622E /* Metadata+Kind.swift */; };
		49E27FA7214E5D800045622E /* ValueWitnessTable.swift in Sources */ = {isa = PBXBuildFile; fileRef = 49E27F90214E5D7F0045622E /* ValueWitnessTable.swift */; };
		49E27FA8214E5D800045622E /* Metadata+Struct.swift in Sources */ = {isa = PBXBuildFile; fileRef = 49E27F91214E5D7F0045622E /* Metadata+Struct.swift */; };
		49E27FA9214E5D800045622E /* UnsafePointer+Extensions.swift in Sources */ = {isa = PBXBuildFile; fileRef = 49E27F92214E5D7F0045622E /* UnsafePointer+Extensions.swift */; };
		49E27FAA214E5D800045622E /* Advance.swift in Sources */ = {isa = PBXBuildFile; fileRef = 49E27F93214E5D7F0045622E /* Advance.swift */; };
		49E27FAB214E5D800045622E /* Metadata+Class.swift in Sources */ = {isa = PBXBuildFile; fileRef = 49E27F94214E5D7F0045622E /* Metadata+Class.swift */; };
		49E27FAC214E5D800045622E /* ReflectionError.swift in Sources */ = {isa = PBXBuildFile; fileRef = 49E27F95214E5D7F0045622E /* ReflectionError.swift */; };
		49E27FAD214E5D800045622E /* Metadata+Tuple.swift in Sources */ = {isa = PBXBuildFile; fileRef = 49E27F96214E5D7F0045622E /* Metadata+Tuple.swift */; };
		49E27FAE214E5D800045622E /* Get.swift in Sources */ = {isa = PBXBuildFile; fileRef = 49E27F97214E5D7F0045622E /* Get.swift */; };
		49E27FAF214E5D800045622E /* Set.swift in Sources */ = {isa = PBXBuildFile; fileRef = 49E27F98214E5D7F0045622E /* Set.swift */; };
		49E27FB0214E5D800045622E /* Any+Extensions.swift in Sources */ = {isa = PBXBuildFile; fileRef = 49E27F99214E5D7F0045622E /* Any+Extensions.swift */; };
/* End PBXBuildFile section */

/* Begin PBXContainerItemProxy section */
		49E27EC5214D34DB0045622E /* PBXContainerItemProxy */ = {
			isa = PBXContainerItemProxy;
			containerPortal = 49E27EAA214D34DA0045622E /* Project object */;
			proxyType = 1;
			remoteGlobalIDString = 49E27EB1214D34DA0045622E;
			remoteInfo = words;
		};
/* End PBXContainerItemProxy section */

/* Begin PBXFileReference section */
		49E27EB2214D34DA0045622E /* words.app */ = {isa = PBXFileReference; explicitFileType = wrapper.application; includeInIndex = 0; path = words.app; sourceTree = BUILT_PRODUCTS_DIR; };
		49E27EB5214D34DA0045622E /* AppDelegate.swift */ = {isa = PBXFileReference; lastKnownFileType = sourcecode.swift; path = AppDelegate.swift; sourceTree = "<group>"; };
		49E27EB7214D34DA0045622E /* ViewController.swift */ = {isa = PBXFileReference; lastKnownFileType = sourcecode.swift; path = ViewController.swift; sourceTree = "<group>"; };
		49E27EB9214D34DB0045622E /* Assets.xcassets */ = {isa = PBXFileReference; lastKnownFileType = folder.assetcatalog; path = Assets.xcassets; sourceTree = "<group>"; };
		49E27EBC214D34DB0045622E /* Base */ = {isa = PBXFileReference; lastKnownFileType = file.storyboard; name = Base; path = Base.lproj/Main.storyboard; sourceTree = "<group>"; };
		49E27EBE214D34DB0045622E /* Info.plist */ = {isa = PBXFileReference; lastKnownFileType = text.plist.xml; path = Info.plist; sourceTree = "<group>"; };
		49E27EBF214D34DB0045622E /* words.entitlements */ = {isa = PBXFileReference; lastKnownFileType = text.plist.entitlements; path = words.entitlements; sourceTree = "<group>"; };
		49E27EC4214D34DB0045622E /* wordsTests.xctest */ = {isa = PBXFileReference; explicitFileType = wrapper.cfbundle; includeInIndex = 0; path = wordsTests.xctest; sourceTree = BUILT_PRODUCTS_DIR; };
		49E27EC8214D34DC0045622E /* wordsTests.swift */ = {isa = PBXFileReference; lastKnownFileType = sourcecode.swift; path = wordsTests.swift; sourceTree = "<group>"; };
		49E27ECA214D34DC0045622E /* Info.plist */ = {isa = PBXFileReference; lastKnownFileType = text.plist.xml; path = Info.plist; sourceTree = "<group>"; };
		49E27EDC214D35C20045622E /* Nass.swift */ = {isa = PBXFileReference; lastKnownFileType = sourcecode.swift; path = Nass.swift; sourceTree = "<group>"; };
		49E27EDE214D4FCE0045622E /* StemConst.swift */ = {isa = PBXFileReference; fileEncoding = 4; lastKnownFileType = sourcecode.swift; path = StemConst.swift; sourceTree = "<group>"; };
		49E27EE0214D55C40045622E /* Kalima.swift */ = {isa = PBXFileReference; lastKnownFileType = sourcecode.swift; path = Kalima.swift; sourceTree = "<group>"; };
		49E27F0C214E5C190045622E /* Connection.swift */ = {isa = PBXFileReference; fileEncoding = 4; lastKnownFileType = sourcecode.swift; path = Connection.swift; sourceTree = "<group>"; };
		49E27F0D214E5C190045622E /* Blob.swift */ = {isa = PBXFileReference; fileEncoding = 4; lastKnownFileType = sourcecode.swift; path = Blob.swift; sourceTree = "<group>"; };
		49E27F0E214E5C190045622E /* Errors.swift */ = {isa = PBXFileReference; fileEncoding = 4; lastKnownFileType = sourcecode.swift; path = Errors.swift; sourceTree = "<group>"; };
		49E27F0F214E5C190045622E /* Statement.swift */ = {isa = PBXFileReference; fileEncoding = 4; lastKnownFileType = sourcecode.swift; path = Statement.swift; sourceTree = "<group>"; };
		49E27F10214E5C190045622E /* Value.swift */ = {isa = PBXFileReference; fileEncoding = 4; lastKnownFileType = sourcecode.swift; path = Value.swift; sourceTree = "<group>"; };
		49E27F11214E5C190045622E /* Helpers.swift */ = {isa = PBXFileReference; fileEncoding = 4; lastKnownFileType = sourcecode.swift; path = Helpers.swift; sourceTree = "<group>"; };
		49E27F13214E5C190045622E /* Cipher.swift */ = {isa = PBXFileReference; fileEncoding = 4; lastKnownFileType = sourcecode.swift; path = Cipher.swift; sourceTree = "<group>"; };
		49E27F14214E5C190045622E /* RTree.swift */ = {isa = PBXFileReference; fileEncoding = 4; lastKnownFileType = sourcecode.swift; path = RTree.swift; sourceTree = "<group>"; };
		49E27F15214E5C190045622E /* FTS4.swift */ = {isa = PBXFileReference; fileEncoding = 4; lastKnownFileType = sourcecode.swift; path = FTS4.swift; sourceTree = "<group>"; };
		49E27F16214E5C190045622E /* FTS5.swift */ = {isa = PBXFileReference; fileEncoding = 4; lastKnownFileType = sourcecode.swift; path = FTS5.swift; sourceTree = "<group>"; };
		49E27F17214E5C190045622E /* Foundation.swift */ = {isa = PBXFileReference; fileEncoding = 4; lastKnownFileType = sourcecode.swift; path = Foundation.swift; sourceTree = "<group>"; };
		49E27F18214E5C190045622E /* SQLite.h */ = {isa = PBXFileReference; fileEncoding = 4; lastKnownFileType = sourcecode.c.h; path = SQLite.h; sourceTree = "<group>"; };
		49E27F1A214E5C190045622E /* Query.swift */ = {isa = PBXFileReference; fileEncoding = 4; lastKnownFileType = sourcecode.swift; path = Query.swift; sourceTree = "<group>"; };
		49E27F1B214E5C190045622E /* Coding.swift */ = {isa = PBXFileReference; fileEncoding = 4; lastKnownFileType = sourcecode.swift; path = Coding.swift; sourceTree = "<group>"; };
		49E27F1C214E5C190045622E /* Expression.swift */ = {isa = PBXFileReference; fileEncoding = 4; lastKnownFileType = sourcecode.swift; path = Expression.swift; sourceTree = "<group>"; };
		49E27F1D214E5C190045622E /* CoreFunctions.swift */ = {isa = PBXFileReference; fileEncoding = 4; lastKnownFileType = sourcecode.swift; path = CoreFunctions.swift; sourceTree = "<group>"; };
		49E27F1E214E5C190045622E /* Collation.swift */ = {isa = PBXFileReference; fileEncoding = 4; lastKnownFileType = sourcecode.swift; path = Collation.swift; sourceTree = "<group>"; };
		49E27F1F214E5C190045622E /* CustomFunctions.swift */ = {isa = PBXFileReference; fileEncoding = 4; lastKnownFileType = sourcecode.swift; path = CustomFunctions.swift; sourceTree = "<group>"; };
		49E27F20214E5C190045622E /* DateAndTimeFunctions.swift */ = {isa = PBXFileReference; fileEncoding = 4; lastKnownFileType = sourcecode.swift; path = DateAndTimeFunctions.swift; sourceTree = "<group>"; };
		49E27F21214E5C190045622E /* Setter.swift */ = {isa = PBXFileReference; fileEncoding = 4; lastKnownFileType = sourcecode.swift; path = Setter.swift; sourceTree = "<group>"; };
		49E27F22214E5C190045622E /* Operators.swift */ = {isa = PBXFileReference; fileEncoding = 4; lastKnownFileType = sourcecode.swift; path = Operators.swift; sourceTree = "<group>"; };
		49E27F23214E5C190045622E /* Schema.swift */ = {isa = PBXFileReference; fileEncoding = 4; lastKnownFileType = sourcecode.swift; path = Schema.swift; sourceTree = "<group>"; };
		49E27F24214E5C190045622E /* AggregateFunctions.swift */ = {isa = PBXFileReference; fileEncoding = 4; lastKnownFileType = sourcecode.swift; path = AggregateFunctions.swift; sourceTree = "<group>"; };
		49E27F25214E5C190045622E /* Info.plist */ = {isa = PBXFileReference; fileEncoding = 4; lastKnownFileType = text.plist.xml; path = Info.plist; sourceTree = "<group>"; };
		49E27F28214E5C190045622E /* SQLite-Bridging.h */ = {isa = PBXFileReference; fileEncoding = 4; lastKnownFileType = sourcecode.c.h; path = "SQLite-Bridging.h"; sourceTree = "<group>"; };
		49E27F29214E5C190045622E /* SQLite-Bridging.m */ = {isa = PBXFileReference; fileEncoding = 4; lastKnownFileType = sourcecode.c.objc; path = "SQLite-Bridging.m"; sourceTree = "<group>"; };
		49E27F2A214E5C190045622E /* fts3_tokenizer.h */ = {isa = PBXFileReference; fileEncoding = 4; lastKnownFileType = sourcecode.c.h; path = fts3_tokenizer.h; sourceTree = "<group>"; };
		49E27F44214E5CD50045622E /* MNFile.swift */ = {isa = PBXFileReference; fileEncoding = 4; lastKnownFileType = sourcecode.swift; path = MNFile.swift; sourceTree = "<group>"; };
		49E27F45214E5CD50045622E /* MNRecord.swift */ = {isa = PBXFileReference; fileEncoding = 4; lastKnownFileType = sourcecode.swift; path = MNRecord.swift; sourceTree = "<group>"; };
		49E27F46214E5CD50045622E /* DatabaseObjects.swift */ = {isa = PBXFileReference; fileEncoding = 4; lastKnownFileType = sourcecode.swift; path = DatabaseObjects.swift; sourceTree = "<group>"; };
		49E27F48214E5CD60045622E /* DBMNRecord.swift */ = {isa = PBXFileReference; fileEncoding = 4; lastKnownFileType = sourcecode.swift; path = DBMNRecord.swift; sourceTree = "<group>"; };
		49E27F49214E5CD60045622E /* MNRecordSet.swift */ = {isa = PBXFileReference; fileEncoding = 4; lastKnownFileType = sourcecode.swift; path = MNRecordSet.swift; sourceTree = "<group>"; };
		49E27F4B214E5CD60045622E /* MNDatabase.swift */ = {isa = PBXFileReference; fileEncoding = 4; lastKnownFileType = sourcecode.swift; path = MNDatabase.swift; sourceTree = "<group>"; };
		49E27F64214E5CD60045622E /* Extentions.swift */ = {isa = PBXFileReference; fileEncoding = 4; lastKnownFileType = sourcecode.swift; path = Extentions.swift; sourceTree = "<group>"; };
		49E27F83214E5D7F0045622E /* Storage.swift */ = {isa = PBXFileReference; fileEncoding = 4; lastKnownFileType = sourcecode.swift; path = Storage.swift; sourceTree = "<group>"; };
		49E27F84214E5D7F0045622E /* Array+Extensions.swift */ = {isa = PBXFileReference; fileEncoding = 4; lastKnownFileType = sourcecode.swift; path = "Array+Extensions.swift"; sourceTree = "<group>"; };
		49E27F85214E5D7F0045622E /* Metadata.swift */ = {isa = PBXFileReference; fileEncoding = 4; lastKnownFileType = sourcecode.swift; path = Metadata.swift; sourceTree = "<group>"; };
		49E27F86214E5D7F0045622E /* Construct.swift */ = {isa = PBXFileReference; fileEncoding = 4; lastKnownFileType = sourcecode.swift; path = Construct.swift; sourceTree = "<group>"; };
		49E27F87214E5D7F0045622E /* Properties.swift */ = {isa = PBXFileReference; fileEncoding = 4; lastKnownFileType = sourcecode.swift; path = Properties.swift; sourceTree = "<group>"; };
		49E27F88214E5D7F0045622E /* NominalType.swift */ = {isa = PBXFileReference; fileEncoding = 4; lastKnownFileType = sourcecode.swift; path = NominalType.swift; sourceTree = "<group>"; };
		49E27F89214E5D7F0045622E /* Identity.swift */ = {isa = PBXFileReference; fileEncoding = 4; lastKnownFileType = sourcecode.swift; path = Identity.swift; sourceTree = "<group>"; };
		49E27F8A214E5D7F0045622E /* PointerType.swift */ = {isa = PBXFileReference; fileEncoding = 4; lastKnownFileType = sourcecode.swift; path = PointerType.swift; sourceTree = "<group>"; };
		49E27F8B214E5D7F0045622E /* MetadataType.swift */ = {isa = PBXFileReference; fileEncoding = 4; lastKnownFileType = sourcecode.swift; path = MetadataType.swift; sourceTree = "<group>"; };
		49E27F8C214E5D7F0045622E /* MemoryProperties.swift */ = {isa = PBXFileReference; fileEncoding = 4; lastKnownFileType = sourcecode.swift; path = MemoryProperties.swift; sourceTree = "<group>"; };
		49E27F8D214E5D7F0045622E /* RelativePointer.swift */ = {isa = PBXFileReference; fileEncoding = 4; lastKnownFileType = sourcecode.swift; path = RelativePointer.swift; sourceTree = "<group>"; };
		49E27F8E214E5D7F0045622E /* NominalTypeDescriptor.swift */ = {isa = PBXFileReference; fileEncoding = 4; lastKnownFileType = sourcecode.swift; path = NominalTypeDescriptor.swift; sourceTree = "<group>"; };
		49E27F8F214E5D7F0045622E /* Metadata+Kind.swift */ = {isa = PBXFileReference; fileEncoding = 4; lastKnownFileType = sourcecode.swift; path = "Metadata+Kind.swift"; sourceTree = "<group>"; };
		49E27F90214E5D7F0045622E /* ValueWitnessTable.swift */ = {isa = PBXFileReference; fileEncoding = 4; lastKnownFileType = sourcecode.swift; path = ValueWitnessTable.swift; sourceTree = "<group>"; };
		49E27F91214E5D7F0045622E /* Metadata+Struct.swift */ = {isa = PBXFileReference; fileEncoding = 4; lastKnownFileType = sourcecode.swift; path = "Metadata+Struct.swift"; sourceTree = "<group>"; };
		49E27F92214E5D7F0045622E /* UnsafePointer+Extensions.swift */ = {isa = PBXFileReference; fileEncoding = 4; lastKnownFileType = sourcecode.swift; path = "UnsafePointer+Extensions.swift"; sourceTree = "<group>"; };
		49E27F93214E5D7F0045622E /* Advance.swift */ = {isa = PBXFileReference; fileEncoding = 4; lastKnownFileType = sourcecode.swift; path = Advance.swift; sourceTree = "<group>"; };
		49E27F94214E5D7F0045622E /* Metadata+Class.swift */ = {isa = PBXFileReference; fileEncoding = 4; lastKnownFileType = sourcecode.swift; path = "Metadata+Class.swift"; sourceTree = "<group>"; };
		49E27F95214E5D7F0045622E /* ReflectionError.swift */ = {isa = PBXFileReference; fileEncoding = 4; lastKnownFileType = sourcecode.swift; path = ReflectionError.swift; sourceTree = "<group>"; };
		49E27F96214E5D7F0045622E /* Metadata+Tuple.swift */ = {isa = PBXFileReference; fileEncoding = 4; lastKnownFileType = sourcecode.swift; path = "Metadata+Tuple.swift"; sourceTree = "<group>"; };
		49E27F97214E5D7F0045622E /* Get.swift */ = {isa = PBXFileReference; fileEncoding = 4; lastKnownFileType = sourcecode.swift; path = Get.swift; sourceTree = "<group>"; };
		49E27F98214E5D7F0045622E /* Set.swift */ = {isa = PBXFileReference; fileEncoding = 4; lastKnownFileType = sourcecode.swift; path = Set.swift; sourceTree = "<group>"; };
		49E27F99214E5D7F0045622E /* Any+Extensions.swift */ = {isa = PBXFileReference; fileEncoding = 4; lastKnownFileType = sourcecode.swift; path = "Any+Extensions.swift"; sourceTree = "<group>"; };
/* End PBXFileReference section */

/* Begin PBXFrameworksBuildPhase section */
		49E27EAF214D34DA0045622E /* Frameworks */ = {
			isa = PBXFrameworksBuildPhase;
			buildActionMask = 2147483647;
			files = (
			);
			runOnlyForDeploymentPostprocessing = 0;
		};
		49E27EC1214D34DB0045622E /* Frameworks */ = {
			isa = PBXFrameworksBuildPhase;
			buildActionMask = 2147483647;
			files = (
			);
			runOnlyForDeploymentPostprocessing = 0;
		};
/* End PBXFrameworksBuildPhase section */

/* Begin PBXGroup section */
		49E27EA9214D34DA0045622E = {
			isa = PBXGroup;
			children = (
				49E27F82214E5D7F0045622E /* Reflection */,
				49E27F47214E5CD60045622E /* controller */,
				49E27F4A214E5CD60045622E /* database */,
				49E27F63214E5CD60045622E /* Extensions */,
				49E27F43214E5CD50045622E /* modal */,
				49E27F0A214E5C190045622E /* SQLite */,
				49E27F26214E5C190045622E /* SQLiteObjc */,
				49E27EB4214D34DA0045622E /* words */,
				49E27EC7214D34DC0045622E /* wordsTests */,
				49E27EB3214D34DA0045622E /* Products */,
			);
			sourceTree = "<group>";
		};
		49E27EB3214D34DA0045622E /* Products */ = {
			isa = PBXGroup;
			children = (
				49E27EB2214D34DA0045622E /* words.app */,
				49E27EC4214D34DB0045622E /* wordsTests.xctest */,
			);
			name = Products;
			sourceTree = "<group>";
		};
		49E27EB4214D34DA0045622E /* words */ = {
			isa = PBXGroup;
			children = (
				49E27EDE214D4FCE0045622E /* StemConst.swift */,
				49E27EDC214D35C20045622E /* Nass.swift */,
				49E27EE0214D55C40045622E /* Kalima.swift */,
				49E27EB5214D34DA0045622E /* AppDelegate.swift */,
				49E27EB7214D34DA0045622E /* ViewController.swift */,
				49E27EB9214D34DB0045622E /* Assets.xcassets */,
				49E27EBB214D34DB0045622E /* Main.storyboard */,
				49E27EBE214D34DB0045622E /* Info.plist */,
				49E27EBF214D34DB0045622E /* words.entitlements */,
			);
			path = words;
			sourceTree = "<group>";
		};
		49E27EC7214D34DC0045622E /* wordsTests */ = {
			isa = PBXGroup;
			children = (
				49E27EC8214D34DC0045622E /* wordsTests.swift */,
				49E27ECA214D34DC0045622E /* Info.plist */,
			);
			path = wordsTests;
			sourceTree = "<group>";
		};
		49E27F0A214E5C190045622E /* SQLite */ = {
			isa = PBXGroup;
			children = (
				49E27F0B214E5C190045622E /* Core */,
				49E27F11214E5C190045622E /* Helpers.swift */,
				49E27F12214E5C190045622E /* Extensions */,
				49E27F17214E5C190045622E /* Foundation.swift */,
				49E27F18214E5C190045622E /* SQLite.h */,
				49E27F19214E5C190045622E /* Typed */,
				49E27F25214E5C190045622E /* Info.plist */,
			);
			name = SQLite;
			path = ../books/books/SQLite;
			sourceTree = "<group>";
		};
		49E27F0B214E5C190045622E /* Core */ = {
			isa = PBXGroup;
			children = (
				49E27F0C214E5C190045622E /* Connection.swift */,
				49E27F0D214E5C190045622E /* Blob.swift */,
				49E27F0E214E5C190045622E /* Errors.swift */,
				49E27F0F214E5C190045622E /* Statement.swift */,
				49E27F10214E5C190045622E /* Value.swift */,
			);
			path = Core;
			sourceTree = "<group>";
		};
		49E27F12214E5C190045622E /* Extensions */ = {
			isa = PBXGroup;
			children = (
				49E27F13214E5C190045622E /* Cipher.swift */,
				49E27F14214E5C190045622E /* RTree.swift */,
				49E27F15214E5C190045622E /* FTS4.swift */,
				49E27F16214E5C190045622E /* FTS5.swift */,
			);
			path = Extensions;
			sourceTree = "<group>";
		};
		49E27F19214E5C190045622E /* Typed */ = {
			isa = PBXGroup;
			children = (
				49E27F1A214E5C190045622E /* Query.swift */,
				49E27F1B214E5C190045622E /* Coding.swift */,
				49E27F1C214E5C190045622E /* Expression.swift */,
				49E27F1D214E5C190045622E /* CoreFunctions.swift */,
				49E27F1E214E5C190045622E /* Collation.swift */,
				49E27F1F214E5C190045622E /* CustomFunctions.swift */,
				49E27F20214E5C190045622E /* DateAndTimeFunctions.swift */,
				49E27F21214E5C190045622E /* Setter.swift */,
				49E27F22214E5C190045622E /* Operators.swift */,
				49E27F23214E5C190045622E /* Schema.swift */,
				49E27F24214E5C190045622E /* AggregateFunctions.swift */,
			);
			path = Typed;
			sourceTree = "<group>";
		};
		49E27F26214E5C190045622E /* SQLiteObjc */ = {
			isa = PBXGroup;
			children = (
				49E27F27214E5C190045622E /* include */,
				49E27F29214E5C190045622E /* SQLite-Bridging.m */,
				49E27F2A214E5C190045622E /* fts3_tokenizer.h */,
			);
			name = SQLiteObjc;
			path = ../books/books/SQLiteObjc;
			sourceTree = "<group>";
		};
		49E27F27214E5C190045622E /* include */ = {
			isa = PBXGroup;
			children = (
				49E27F28214E5C190045622E /* SQLite-Bridging.h */,
			);
			path = include;
			sourceTree = "<group>";
		};
		49E27F43214E5CD50045622E /* modal */ = {
			isa = PBXGroup;
			children = (
				49E27F44214E5CD50045622E /* MNFile.swift */,
				49E27F45214E5CD50045622E /* MNRecord.swift */,
				49E27F46214E5CD50045622E /* DatabaseObjects.swift */,
			);
			name = modal;
			path = ../books/books/modal;
			sourceTree = "<group>";
		};
		49E27F47214E5CD60045622E /* controller */ = {
			isa = PBXGroup;
			children = (
				49E27F48214E5CD60045622E /* DBMNRecord.swift */,
				49E27F49214E5CD60045622E /* MNRecordSet.swift */,
			);
			name = controller;
			path = ../books/books/controller;
			sourceTree = "<group>";
		};
		49E27F4A214E5CD60045622E /* database */ = {
			isa = PBXGroup;
			children = (
				49E27F4B214E5CD60045622E /* MNDatabase.swift */,
			);
			name = database;
			path = ../books/books/database;
			sourceTree = "<group>";
		};
		49E27F63214E5CD60045622E /* Extensions */ = {
			isa = PBXGroup;
			children = (
				49E27F64214E5CD60045622E /* Extentions.swift */,
			);
			name = Extensions;
			path = ../books/books/Extensions;
			sourceTree = "<group>";
		};
		49E27F82214E5D7F0045622E /* Reflection */ = {
			isa = PBXGroup;
			children = (
				49E27F83214E5D7F0045622E /* Storage.swift */,
				49E27F84214E5D7F0045622E /* Array+Extensions.swift */,
				49E27F85214E5D7F0045622E /* Metadata.swift */,
				49E27F86214E5D7F0045622E /* Construct.swift */,
				49E27F87214E5D7F0045622E /* Properties.swift */,
				49E27F88214E5D7F0045622E /* NominalType.swift */,
				49E27F89214E5D7F0045622E /* Identity.swift */,
				49E27F8A214E5D7F0045622E /* PointerType.swift */,
				49E27F8B214E5D7F0045622E /* MetadataType.swift */,
				49E27F8C214E5D7F0045622E /* MemoryProperties.swift */,
				49E27F8D214E5D7F0045622E /* RelativePointer.swift */,
				49E27F8E214E5D7F0045622E /* NominalTypeDescriptor.swift */,
				49E27F8F214E5D7F0045622E /* Metadata+Kind.swift */,
				49E27F90214E5D7F0045622E /* ValueWitnessTable.swift */,
				49E27F91214E5D7F0045622E /* Metadata+Struct.swift */,
				49E27F92214E5D7F0045622E /* UnsafePointer+Extensions.swift */,
				49E27F93214E5D7F0045622E /* Advance.swift */,
				49E27F94214E5D7F0045622E /* Metadata+Class.swift */,
				49E27F95214E5D7F0045622E /* ReflectionError.swift */,
				49E27F96214E5D7F0045622E /* Metadata+Tuple.swift */,
				49E27F97214E5D7F0045622E /* Get.swift */,
				49E27F98214E5D7F0045622E /* Set.swift */,
				49E27F99214E5D7F0045622E /* Any+Extensions.swift */,
			);
			name = Reflection;
			path = "../books/Reflection-master/Sources/Reflection";
			sourceTree = "<group>";
		};
/* End PBXGroup section */

/* Begin PBXNativeTarget section */
		49E27EB1214D34DA0045622E /* words */ = {
			isa = PBXNativeTarget;
			buildConfigurationList = 49E27ECD214D34DC0045622E /* Build configuration list for PBXNativeTarget "words" */;
			buildPhases = (
				49E27EAE214D34DA0045622E /* Sources */,
				49E27EAF214D34DA0045622E /* Frameworks */,
				49E27EB0214D34DA0045622E /* Resources */,
			);
			buildRules = (
			);
			dependencies = (
			);
			name = words;
			productName = words;
			productReference = 49E27EB2214D34DA0045622E /* words.app */;
			productType = "com.apple.product-type.application";
		};
		49E27EC3214D34DB0045622E /* wordsTests */ = {
			isa = PBXNativeTarget;
			buildConfigurationList = 49E27ED0214D34DC0045622E /* Build configuration list for PBXNativeTarget "wordsTests" */;
			buildPhases = (
				49E27EC0214D34DB0045622E /* Sources */,
				49E27EC1214D34DB0045622E /* Frameworks */,
				49E27EC2214D34DB0045622E /* Resources */,
			);
			buildRules = (
			);
			dependencies = (
				49E27EC6214D34DB0045622E /* PBXTargetDependency */,
			);
			name = wordsTests;
			productName = wordsTests;
			productReference = 49E27EC4214D34DB0045622E /* wordsTests.xctest */;
			productType = "com.apple.product-type.bundle.unit-test";
		};
/* End PBXNativeTarget section */

/* Begin PBXProject section */
		49E27EAA214D34DA0045622E /* Project object */ = {
			isa = PBXProject;
			attributes = {
				LastSwiftUpdateCheck = 0940;
				LastUpgradeCheck = 0940;
				ORGANIZATIONNAME = merhab;
				TargetAttributes = {
					49E27EB1214D34DA0045622E = {
						CreatedOnToolsVersion = 9.4.1;
					};
					49E27EC3214D34DB0045622E = {
						CreatedOnToolsVersion = 9.4.1;
						TestTargetID = 49E27EB1214D34DA0045622E;
					};
				};
			};
			buildConfigurationList = 49E27EAD214D34DA0045622E /* Build configuration list for PBXProject "words" */;
			compatibilityVersion = "Xcode 9.3";
			developmentRegion = en;
			hasScannedForEncodings = 0;
			knownRegions = (
				en,
				Base,
			);
			mainGroup = 49E27EA9214D34DA0045622E;
			productRefGroup = 49E27EB3214D34DA0045622E /* Products */;
			projectDirPath = "";
			projectRoot = "";
			targets = (
				49E27EB1214D34DA0045622E /* words */,
				49E27EC3214D34DB0045622E /* wordsTests */,
			);
		};
/* End PBXProject section */

/* Begin PBXResourcesBuildPhase section */
		49E27EB0214D34DA0045622E /* Resources */ = {
			isa = PBXResourcesBuildPhase;
			buildActionMask = 2147483647;
			files = (
				49E27EBA214D34DB0045622E /* Assets.xcassets in Resources */,
				49E27EBD214D34DB0045622E /* Main.storyboard in Resources */,
				49E27F41214E5C190045622E /* Info.plist in Resources */,
			);
			runOnlyForDeploymentPostprocessing = 0;
		};
		49E27EC2214D34DB0045622E /* Resources */ = {
			isa = PBXResourcesBuildPhase;
			buildActionMask = 2147483647;
			files = (
			);
			runOnlyForDeploymentPostprocessing = 0;
		};
/* End PBXResourcesBuildPhase section */

/* Begin PBXSourcesBuildPhase section */
		49E27EAE214D34DA0045622E /* Sources */ = {
			isa = PBXSourcesBuildPhase;
			buildActionMask = 2147483647;
			files = (
				49E27F2C214E5C190045622E /* Blob.swift in Sources */,
				49E27F2F214E5C190045622E /* Value.swift in Sources */,
				49E27F2B214E5C190045622E /* Connection.swift in Sources */,
				49E27F9F214E5D800045622E /* NominalType.swift in Sources */,
				49E27F3D214E5C190045622E /* Setter.swift in Sources */,
				49E27F65214E5CD60045622E /* MNFile.swift in Sources */,
				49E27F9B214E5D800045622E /* Array+Extensions.swift in Sources */,
				49E27F9A214E5D800045622E /* Storage.swift in Sources */,
				49E27F3F214E5C190045622E /* Schema.swift in Sources */,
				49E27F9E214E5D800045622E /* Properties.swift in Sources */,
				49E27EB8214D34DA0045622E /* ViewController.swift in Sources */,
				49E27F6A214E5CD60045622E /* MNDatabase.swift in Sources */,
				49E27FA2214E5D800045622E /* MetadataType.swift in Sources */,
				49E27F66214E5CD60045622E /* MNRecord.swift in Sources */,
				49E27FAF214E5D800045622E /* Set.swift in Sources */,
				49E27FAD214E5D800045622E /* Metadata+Tuple.swift in Sources */,
				49E27FA0214E5D800045622E /* Identity.swift in Sources */,
				49E27F35214E5C190045622E /* Foundation.swift in Sources */,
				49E27FB0214E5D800045622E /* Any+Extensions.swift in Sources */,
				49E27F9D214E5D800045622E /* Construct.swift in Sources */,
				49E27F9C214E5D800045622E /* Metadata.swift in Sources */,
				49E27EDF214D4FCE0045622E /* StemConst.swift in Sources */,
				49E27F31214E5C190045622E /* Cipher.swift in Sources */,
				49E27FA7214E5D800045622E /* ValueWitnessTable.swift in Sources */,
				49E27FAC214E5D800045622E /* ReflectionError.swift in Sources */,
				49E27F68214E5CD60045622E /* DBMNRecord.swift in Sources */,
				49E27EE1214D55C40045622E /* Kalima.swift in Sources */,
				49E27F67214E5CD60045622E /* DatabaseObjects.swift in Sources */,
				49E27F3E214E5C190045622E /* Operators.swift in Sources */,
				49E27FAB214E5D800045622E /* Metadata+Class.swift in Sources */,
				49E27F69214E5CD60045622E /* MNRecordSet.swift in Sources */,
				49E27FAA214E5D800045622E /* Advance.swift in Sources */,
				49E27F37214E5C190045622E /* Coding.swift in Sources */,
				49E27FA5214E5D800045622E /* NominalTypeDescriptor.swift in Sources */,
				49E27F39214E5C190045622E /* CoreFunctions.swift in Sources */,
				49E27F38214E5C190045622E /* Expression.swift in Sources */,
				49E27FA1214E5D800045622E /* PointerType.swift in Sources */,
				49E27F3A214E5C190045622E /* Collation.swift in Sources */,
				49E27F33214E5C190045622E /* FTS4.swift in Sources */,
				49E27FA6214E5D800045622E /* Metadata+Kind.swift in Sources */,
				49E27F2E214E5C190045622E /* Statement.swift in Sources */,
				49E27F40214E5C190045622E /* AggregateFunctions.swift in Sources */,
				49E27F42214E5C190045622E /* SQLite-Bridging.m in Sources */,
				49E27F34214E5C190045622E /* FTS5.swift in Sources */,
				49E27FA4214E5D800045622E /* RelativePointer.swift in Sources */,
				49E27FA8214E5D800045622E /* Metadata+Struct.swift in Sources */,
				49E27F32214E5C190045622E /* RTree.swift in Sources */,
				49E27FA3214E5D800045622E /* MemoryProperties.swift in Sources */,
				49E27F2D214E5C190045622E /* Errors.swift in Sources */,
				49E27FA9214E5D800045622E /* UnsafePointer+Extensions.swift in Sources */,
				49E27EDD214D35C20045622E /* Nass.swift in Sources */,
				49E27F81214E5CD60045622E /* Extentions.swift in Sources */,
				49E27F36214E5C190045622E /* Query.swift in Sources */,
				49E27F30214E5C190045622E /* Helpers.swift in Sources */,
				49E27FAE214E5D800045622E /* Get.swift in Sources */,
				49E27F3C214E5C190045622E /* DateAndTimeFunctions.swift in Sources */,
				49E27F3B214E5C190045622E /* CustomFunctions.swift in Sources */,
				49E27EB6214D34DA0045622E /* AppDelegate.swift in Sources */,
			);
			runOnlyForDeploymentPostprocessing = 0;
		};
		49E27EC0214D34DB0045622E /* Sources */ = {
			isa = PBXSourcesBuildPhase;
			buildActionMask = 2147483647;
			files = (
				49E27EC9214D34DC0045622E /* wordsTests.swift in Sources */,
			);
			runOnlyForDeploymentPostprocessing = 0;
		};
/* End PBXSourcesBuildPhase section */

/* Begin PBXTargetDependency section */
		49E27EC6214D34DB0045622E /* PBXTargetDependency */ = {
			isa = PBXTargetDependency;
			target = 49E27EB1214D34DA0045622E /* words */;
			targetProxy = 49E27EC5214D34DB0045622E /* PBXContainerItemProxy */;
		};
/* End PBXTargetDependency section */

/* Begin PBXVariantGroup section */
		49E27EBB214D34DB0045622E /* Main.storyboard */ = {
			isa = PBXVariantGroup;
			children = (
				49E27EBC214D34DB0045622E /* Base */,
			);
			name = Main.storyboard;
			sourceTree = "<group>";
		};
/* End PBXVariantGroup section */

/* Begin XCBuildConfiguration section */
		49E27ECB214D34DC0045622E /* Debug */ = {
			isa = XCBuildConfiguration;
			buildSettings = {
				ALWAYS_SEARCH_USER_PATHS = NO;
				CLANG_ANALYZER_NONNULL = YES;
				CLANG_ANALYZER_NUMBER_OBJECT_CONVERSION = YES_AGGRESSIVE;
				CLANG_CXX_LANGUAGE_STANDARD = "gnu++14";
				CLANG_CXX_LIBRARY = "libc++";
				CLANG_ENABLE_MODULES = YES;
				CLANG_ENABLE_OBJC_ARC = YES;
				CLANG_ENABLE_OBJC_WEAK = YES;
				CLANG_WARN_BLOCK_CAPTURE_AUTORELEASING = YES;
				CLANG_WARN_BOOL_CONVERSION = YES;
				CLANG_WARN_COMMA = YES;
				CLANG_WARN_CONSTANT_CONVERSION = YES;
				CLANG_WARN_DEPRECATED_OBJC_IMPLEMENTATIONS = YES;
				CLANG_WARN_DIRECT_OBJC_ISA_USAGE = YES_ERROR;
				CLANG_WARN_DOCUMENTATION_COMMENTS = YES;
				CLANG_WARN_EMPTY_BODY = YES;
				CLANG_WARN_ENUM_CONVERSION = YES;
				CLANG_WARN_INFINITE_RECURSION = YES;
				CLANG_WARN_INT_CONVERSION = YES;
				CLANG_WARN_NON_LITERAL_NULL_CONVERSION = YES;
				CLANG_WARN_OBJC_IMPLICIT_RETAIN_SELF = YES;
				CLANG_WARN_OBJC_LITERAL_CONVERSION = YES;
				CLANG_WARN_OBJC_ROOT_CLASS = YES_ERROR;
				CLANG_WARN_RANGE_LOOP_ANALYSIS = YES;
				CLANG_WARN_STRICT_PROTOTYPES = YES;
				CLANG_WARN_SUSPICIOUS_MOVE = YES;
				CLANG_WARN_UNGUARDED_AVAILABILITY = YES_AGGRESSIVE;
				CLANG_WARN_UNREACHABLE_CODE = YES;
				CLANG_WARN__DUPLICATE_METHOD_MATCH = YES;
				CODE_SIGN_IDENTITY = "Mac Developer";
				COPY_PHASE_STRIP = NO;
				DEBUG_INFORMATION_FORMAT = dwarf;
				ENABLE_STRICT_OBJC_MSGSEND = YES;
				ENABLE_TESTABILITY = YES;
				GCC_C_LANGUAGE_STANDARD = gnu11;
				GCC_DYNAMIC_NO_PIC = NO;
				GCC_NO_COMMON_BLOCKS = YES;
				GCC_OPTIMIZATION_LEVEL = 0;
				GCC_PREPROCESSOR_DEFINITIONS = (
					"DEBUG=1",
					"$(inherited)",
				);
				GCC_WARN_64_TO_32_BIT_CONVERSION = YES;
				GCC_WARN_ABOUT_RETURN_TYPE = YES_ERROR;
				GCC_WARN_UNDECLARED_SELECTOR = YES;
				GCC_WARN_UNINITIALIZED_AUTOS = YES_AGGRESSIVE;
				GCC_WARN_UNUSED_FUNCTION = YES;
				GCC_WARN_UNUSED_VARIABLE = YES;
				MACOSX_DEPLOYMENT_TARGET = 10.13;
				MTL_ENABLE_DEBUG_INFO = YES;
				ONLY_ACTIVE_ARCH = YES;
				SDKROOT = macosx;
				SWIFT_ACTIVE_COMPILATION_CONDITIONS = DEBUG;
				SWIFT_OPTIMIZATION_LEVEL = "-Onone";
			};
			name = Debug;
		};
		49E27ECC214D34DC0045622E /* Release */ = {
			isa = XCBuildConfiguration;
			buildSettings = {
				ALWAYS_SEARCH_USER_PATHS = NO;
				CLANG_ANALYZER_NONNULL = YES;
				CLANG_ANALYZER_NUMBER_OBJECT_CONVERSION = YES_AGGRESSIVE;
				CLANG_CXX_LANGUAGE_STANDARD = "gnu++14";
				CLANG_CXX_LIBRARY = "libc++";
				CLANG_ENABLE_MODULES = YES;
				CLANG_ENABLE_OBJC_ARC = YES;
				CLANG_ENABLE_OBJC_WEAK = YES;
				CLANG_WARN_BLOCK_CAPTURE_AUTORELEASING = YES;
				CLANG_WARN_BOOL_CONVERSION = YES;
				CLANG_WARN_COMMA = YES;
				CLANG_WARN_CONSTANT_CONVERSION = YES;
				CLANG_WARN_DEPRECATED_OBJC_IMPLEMENTATIONS = YES;
				CLANG_WARN_DIRECT_OBJC_ISA_USAGE = YES_ERROR;
				CLANG_WARN_DOCUMENTATION_COMMENTS = YES;
				CLANG_WARN_EMPTY_BODY = YES;
				CLANG_WARN_ENUM_CONVERSION = YES;
				CLANG_WARN_INFINITE_RECURSION = YES;
				CLANG_WARN_INT_CONVERSION = YES;
				CLANG_WARN_NON_LITERAL_NULL_CONVERSION = YES;
				CLANG_WARN_OBJC_IMPLICIT_RETAIN_SELF = YES;
				CLANG_WARN_OBJC_LITERAL_CONVERSION = YES;
				CLANG_WARN_OBJC_ROOT_CLASS = YES_ERROR;
				CLANG_WARN_RANGE_LOOP_ANALYSIS = YES;
				CLANG_WARN_STRICT_PROTOTYPES = YES;
				CLANG_WARN_SUSPICIOUS_MOVE = YES;
				CLANG_WARN_UNGUARDED_AVAILABILITY = YES_AGGRESSIVE;
				CLANG_WARN_UNREACHABLE_CODE = YES;
				CLANG_WARN__DUPLICATE_METHOD_MATCH = YES;
				CODE_SIGN_IDENTITY = "Mac Developer";
				COPY_PHASE_STRIP = NO;
				DEBUG_INFORMATION_FORMAT = "dwarf-with-dsym";
				ENABLE_NS_ASSERTIONS = NO;
				ENABLE_STRICT_OBJC_MSGSEND = YES;
				GCC_C_LANGUAGE_STANDARD = gnu11;
				GCC_NO_COMMON_BLOCKS = YES;
				GCC_WARN_64_TO_32_BIT_CONVERSION = YES;
				GCC_WARN_ABOUT_RETURN_TYPE = YES_ERROR;
				GCC_WARN_UNDECLARED_SELECTOR = YES;
				GCC_WARN_UNINITIALIZED_AUTOS = YES_AGGRESSIVE;
				GCC_WARN_UNUSED_FUNCTION = YES;
				GCC_WARN_UNUSED_VARIABLE = YES;
				MACOSX_DEPLOYMENT_TARGET = 10.13;
				MTL_ENABLE_DEBUG_INFO = NO;
				SDKROOT = macosx;
				SWIFT_COMPILATION_MODE = wholemodule;
				SWIFT_OPTIMIZATION_LEVEL = "-O";
			};
			name = Release;
		};
		49E27ECE214D34DC0045622E /* Debug */ = {
			isa = XCBuildConfiguration;
			buildSettings = {
				ASSETCATALOG_COMPILER_APPICON_NAME = AppIcon;
				CODE_SIGN_ENTITLEMENTS = words/words.entitlements;
				CODE_SIGN_STYLE = Automatic;
				COMBINE_HIDPI_IMAGES = YES;
				DEVELOPMENT_TEAM = TSK3U7V2QW;
				INFOPLIST_FILE = words/Info.plist;
				LD_RUNPATH_SEARCH_PATHS = (
					"$(inherited)",
					"@executable_path/../Frameworks",
				);
				PRODUCT_BUNDLE_IDENTIFIER = com.merhab.words;
				PRODUCT_NAME = "$(TARGET_NAME)";
				SWIFT_VERSION = 4.0;
			};
			name = Debug;
		};
		49E27ECF214D34DC0045622E /* Release */ = {
			isa = XCBuildConfiguration;
			buildSettings = {
				ASSETCATALOG_COMPILER_APPICON_NAME = AppIcon;
				CODE_SIGN_ENTITLEMENTS = words/words.entitlements;
				CODE_SIGN_STYLE = Automatic;
				COMBINE_HIDPI_IMAGES = YES;
				DEVELOPMENT_TEAM = TSK3U7V2QW;
				INFOPLIST_FILE = words/Info.plist;
				LD_RUNPATH_SEARCH_PATHS = (
					"$(inherited)",
					"@executable_path/../Frameworks",
				);
				PRODUCT_BUNDLE_IDENTIFIER = com.merhab.words;
				PRODUCT_NAME = "$(TARGET_NAME)";
				SWIFT_VERSION = 4.0;
			};
			name = Release;
		};
		49E27ED1214D34DC0045622E /* Debug */ = {
			isa = XCBuildConfiguration;
			buildSettings = {
				ALWAYS_EMBED_SWIFT_STANDARD_LIBRARIES = YES;
				BUNDLE_LOADER = "$(TEST_HOST)";
				CODE_SIGN_STYLE = Automatic;
				COMBINE_HIDPI_IMAGES = YES;
				DEVELOPMENT_TEAM = TSK3U7V2QW;
				INFOPLIST_FILE = wordsTests/Info.plist;
				LD_RUNPATH_SEARCH_PATHS = (
					"$(inherited)",
					"@executable_path/../Frameworks",
					"@loader_path/../Frameworks",
				);
				PRODUCT_BUNDLE_IDENTIFIER = com.merhab.wordsTests;
				PRODUCT_NAME = "$(TARGET_NAME)";
				SWIFT_VERSION = 4.0;
				TEST_HOST = "$(BUILT_PRODUCTS_DIR)/words.app/Contents/MacOS/words";
			};
			name = Debug;
		};
		49E27ED2214D34DC0045622E /* Release */ = {
			isa = XCBuildConfiguration;
			buildSettings = {
				ALWAYS_EMBED_SWIFT_STANDARD_LIBRARIES = YES;
				BUNDLE_LOADER = "$(TEST_HOST)";
				CODE_SIGN_STYLE = Automatic;
				COMBINE_HIDPI_IMAGES = YES;
				DEVELOPMENT_TEAM = TSK3U7V2QW;
				INFOPLIST_FILE = wordsTests/Info.plist;
				LD_RUNPATH_SEARCH_PATHS = (
					"$(inherited)",
					"@executable_path/../Frameworks",
					"@loader_path/../Frameworks",
				);
				PRODUCT_BUNDLE_IDENTIFIER = com.merhab.wordsTests;
				PRODUCT_NAME = "$(TARGET_NAME)";
				SWIFT_VERSION = 4.0;
				TEST_HOST = "$(BUILT_PRODUCTS_DIR)/words.app/Contents/MacOS/words";
			};
			name = Release;
		};
/* End XCBuildConfiguration section */

/* Begin XCConfigurationList section */
		49E27EAD214D34DA0045622E /* Build configuration list for PBXProject "words" */ = {
			isa = XCConfigurationList;
			buildConfigurations = (
				49E27ECB214D34DC0045622E /* Debug */,
				49E27ECC214D34DC0045622E /* Release */,
			);
			defaultConfigurationIsVisible = 0;
			defaultConfigurationName = Release;
		};
		49E27ECD214D34DC0045622E /* Build configuration list for PBXNativeTarget "words" */ = {
			isa = XCConfigurationList;
			buildConfigurations = (
				49E27ECE214D34DC0045622E /* Debug */,
				49E27ECF214D34DC0045622E /* Release */,
			);
			defaultConfigurationIsVisible = 0;
			defaultConfigurationName = Release;
		};
		49E27ED0214D34DC0045622E /* Build configuration list for PBXNativeTarget "wordsTests" */ = {
			isa = XCConfigurationList;
			buildConfigurations = (
				49E27ED1214D34DC0045622E /* Debug */,
				49E27ED2214D34DC0045622E /* Release */,
			);
			defaultConfigurationIsVisible = 0;
			defaultConfigurationName = Release;
		};
/* End XCConfigurationList section */
	};
	rootObject = 49E27EAA214D34DA0045622E /* Project object */;
}
